{
  "requires": true,
  "lockfileVersion": 1,
  "dependencies": {
    "howler": {
      "version": "2.2.3",
      "resolved": "https://registry.npmjs.org/howler/-/howler-2.2.3.tgz",
      "integrity": "sha512-QM0FFkw0LRX1PR8pNzJVAY25JhIWvbKMBFM4gqk+QdV+kPXOhleWGCB6AiAF/goGjIHK2e/nIElplvjQwhr0jg=="
    },
    "js-tokens": {
      "version": "4.0.0",
      "resolved": "https://registry.npmjs.org/js-tokens/-/js-tokens-4.0.0.tgz",
      "integrity": "sha512-RdJUflcE3cUzKiMqQgsCu06FPu9UdIJO0beYbPhHN4k6apgJtifcoCtT9bcxOpYBtpD2kCM6Sbzg4CausW/PKQ=="
    },
    "loose-envify": {
      "version": "1.4.0",
      "resolved": "https://registry.npmjs.org/loose-envify/-/loose-envify-1.4.0.tgz",
      "integrity": "sha512-lyuxPGr/Wfhrlem2CL/UcnUc1zcqKAImBDzukY7Y5F/yQiNdko6+fRLevlw1HgMySw7f611UIY408EtxRSoK3Q==",
      "requires": {
        "js-tokens": "^3.0.0 || ^4.0.0"
      }
    },
    "object-assign": {
      "version": "4.1.1",
      "resolved": "https://registry.npmjs.org/object-assign/-/object-assign-4.1.1.tgz",
      "integrity": "sha1-IQmtx5ZYh8/AXLvUQsrIv7s2CGM="
    },
    "prop-types": {
      "version": "15.8.1",
      "resolved": "https://registry.npmjs.org/prop-types/-/prop-types-15.8.1.tgz",
      "integrity": "sha512-oj87CgZICdulUohogVAR7AjlC0327U4el4L6eAvOqCeudMDVU0NThNaV+b9Df4dXgSP1gXMTnPdhfe/2qDH5cg==",
      "requires": {
        "loose-envify": "^1.4.0",
        "object-assign": "^4.1.1",
        "react-is": "^16.13.1"
      }
    },
    "react-is": {
      "version": "16.13.1",
      "resolved": "https://registry.npmjs.org/react-is/-/react-is-16.13.1.tgz",
      "integrity": "sha512-24e6ynE2H+OKt4kqsOvNd8kBpV65zoxbA4BVsEOB3ARVWQki/DHzaUoC5KuON/BiccDaCCTZBuOcfZs70kR8bQ=="
    },
    "react-sound": {
      "version": "1.2.0",
      "resolved": "https://registry.npmjs.org/react-sound/-/react-sound-1.2.0.tgz",
      "integrity": "sha512-pc2l8f7Oy3VePRRVesBwSSJ0mrCeD/lE5GVCT1RPdEQ7lgbZTDyWI8HokXHmS1v79aiLnd3WTRhfsBAY0NTb8g==",
      "requires": {
        "prop-types": "^15.5.7",
        "soundmanager2": "^2.97.20170602"
      }
    },
    "soundmanager2": {
      "version": "2.97.20170602",
      "resolved": "https://registry.npmjs.org/soundmanager2/-/soundmanager2-2.97.20170602.tgz",
      "integrity": "sha512-2ee7ES9SJ++WkD7PGHMeT4QUuJr7uC3wacD6RoCDlKjdSp9lpEOaKm3lKWKld119DLILjS2l9U6xpXJN6U0KPQ=="
    },
    "use-sound": {
      "version": "4.0.1",
      "resolved": "https://registry.npmjs.org/use-sound/-/use-sound-4.0.1.tgz",
      "integrity": "sha512-hykJ86kNcu6y/FzlSHcQxhjSGMslZx2WlfLpZNoPbvueakv4OF3xPxEtGV2YmculrIaH0tPp9LtG4jgy17xMWg==",
      "requires": {
        "howler": "^2.1.3"
      }
    }
  }
}
